{
  "name": "src",
  "version": "1.0.0",
  "lockfileVersion": 1,
  "requires": true,
  "dependencies": {
    "docopt": {
      "version": "0.4.1",
      "resolved": "https://registry.npmjs.org/docopt/-/docopt-0.4.1.tgz",
      "integrity": "sha1-6a5NPRT3/qPkgBkjXrxfEATSLoc=",
      "dev": true
    },
    "jester": {
      "version": "0.2.3",
      "resolved": "https://registry.npmjs.org/jester/-/jester-0.2.3.tgz",
      "integrity": "sha1-dVIGAYOfuZseuNyGaXdT4Cq4zeg=",
      "dev": true,
      "requires": {
        "docopt": "~0.4.0"
      }
    }
  }
}
